
Microsoft Visual Studio Solution File, Format Version 12.00
# Visual Studio Version 17
VisualStudioVersion = 17.5.33424.131
MinimumVisualStudioVersion = 10.0.40219.1
Project("{2150E333-8FDC-42A3-9474-1A3956D46DE8}") = "1. SDK", "1. SDK", "{4CB108A7-7E1B-4B1E-BC2B-E36C2AA9A140}"
EndProject
Project("{2150E333-8FDC-42A3-9474-1A3956D46DE8}") = "2. Platforms", "2. Platforms", "{0B1A160F-B632-44C3-8268-29BC99BAD8D4}"
EndProject
Project("{2150E333-8FDC-42A3-9474-1A3956D46DE8}") = "Plugins", "Plugins", "{53F46FCB-3A54-4657-99E1-B95B811C4F88}"
EndProject
Project("{9A19103F-16F7-4668-BE54-9A1E7A4F7556}") = "TestingThings", "TestingThings\TestingThings.csproj", "{376FAF7A-F192-4050-A482-70CEDDBC1E57}"
EndProject
Project("{9A19103F-16F7-4668-BE54-9A1E7A4F7556}") = "WV", "WV\WV.csproj", "{60147FB3-F4B9-40C0-BEA4-FDB8605196A6}"
EndProject
Project("{9A19103F-16F7-4668-BE54-9A1E7A4F7556}") = "WV.Windows", "WV.Windows\WV.Windows.csproj", "{C41F7571-4C9A-4209-A14F-D9C6962FE9CF}"
EndProject
Project("{9A19103F-16F7-4668-BE54-9A1E7A4F7556}") = "WV.Ports", "WV.Ports\WV.Ports.csproj", "{43024989-E7AE-45A0-82DF-83F68466AC72}"
EndProject
Project("{9A19103F-16F7-4668-BE54-9A1E7A4F7556}") = "WV.NotificationIcon", "WV.NotificationIcon\WV.NotificationIcon.csproj", "{5590AB88-F935-4222-86DD-97868279215D}"
EndProject
Project("{9A19103F-16F7-4668-BE54-9A1E7A4F7556}") = "WV.NotificationIcon.Windows", "WV.NotificationIcon.Windows\WV.NotificationIcon.Windows.csproj", "{D27BA73F-FF65-4891-87FA-5BACA92C9860}"
EndProject
Project("{9A19103F-16F7-4668-BE54-9A1E7A4F7556}") = "SQLite", "SQLite\SQLite.csproj", "{F9C6DBC2-A5E7-45FA-A11F-E44024E12C66}"
EndProject
Project("{9A19103F-16F7-4668-BE54-9A1E7A4F7556}") = "FileSystem", "FileSystem\FileSystem.csproj", "{65EB43EE-523B-45A4-AEBC-DEBFDA8FB500}"
EndProject
Project("{9A19103F-16F7-4668-BE54-9A1E7A4F7556}") = "Storage", "Storage\Storage.csproj", "{B958F814-D2B5-44D7-AB2A-375BCCC78E34}"
EndProject
Project("{9A19103F-16F7-4668-BE54-9A1E7A4F7556}") = "Window", "Window\Window.csproj", "{83937D11-85A9-4190-BB2E-88FDA5C1BD62}"
EndProject
Project("{2150E333-8FDC-42A3-9474-1A3956D46DE8}") = "TrayMenu", "TrayMenu", "{EFE118D8-B239-4B41-992B-80EDF80C7947}"
EndProject
Project("{9A19103F-16F7-4668-BE54-9A1E7A4F7556}") = "TrayMenu", "TrayMenu\TrayMenu.csproj", "{7771B7D7-951F-4B1D-A278-49D9ADC5F835}"
EndProject
Project("{9A19103F-16F7-4668-BE54-9A1E7A4F7556}") = "TrayMenu.Windows", "TrayMenu.Windows\TrayMenu.Windows.csproj", "{3990DBCC-B749-4E41-92C6-C67B8A0D317D}"
EndProject
Project("{9A19103F-16F7-4668-BE54-9A1E7A4F7556}") = "TrayMenu.Linux", "TrayMenu.Linux\TrayMenu.Linux.csproj", "{B671A23E-FB58-41C4-8551-8F330276A04D}"
EndProject
Project("{2150E333-8FDC-42A3-9474-1A3956D46DE8}") = "Ports", "Ports", "{74B8CF15-41A6-40BF-91BA-E4B543CD3502}"
EndProject
Project("{9A19103F-16F7-4668-BE54-9A1E7A4F7556}") = "Ports", "Ports\Ports.csproj", "{5C412B1E-5D97-4AE2-985F-E30ABC89160E}"
EndProject
Project("{9A19103F-16F7-4668-BE54-9A1E7A4F7556}") = "Ports.Linux", "Ports.Linux\Ports.Linux.csproj", "{EBF7798A-B593-401B-95BA-B8E532B406CB}"
EndProject
Project("{9A19103F-16F7-4668-BE54-9A1E7A4F7556}") = "Ports.Windows", "Ports.Windows\Ports.Windows.csproj", "{DD3A8279-14FE-4B81-A656-14EF77ABDA9D}"
EndProject
Project("{9A19103F-16F7-4668-BE54-9A1E7A4F7556}") = "WV.Linux", "WV.Linux\WV.Linux.csproj", "{F7C848B3-E38B-489F-90D2-9FD7AD66E46A}"
EndProject
Project("{F184B08F-C81C-45F6-A57F-5ABD9991F28F}") = "TestingThingsVB", "TestingThingsVB\TestingThingsVB.vbproj", "{D8AB92F0-C2B5-41D9-A790-19CE5F87A324}"
EndProject
Global
	GlobalSection(SolutionConfigurationPlatforms) = preSolution
		Debug|Any CPU = Debug|Any CPU
		Release|Any CPU = Release|Any CPU
	EndGlobalSection
	GlobalSection(ProjectConfigurationPlatforms) = postSolution
		{376FAF7A-F192-4050-A482-70CEDDBC1E57}.Debug|Any CPU.ActiveCfg = Debug|Any CPU
		{376FAF7A-F192-4050-A482-70CEDDBC1E57}.Debug|Any CPU.Build.0 = Debug|Any CPU
		{376FAF7A-F192-4050-A482-70CEDDBC1E57}.Release|Any CPU.ActiveCfg = Release|Any CPU
		{376FAF7A-F192-4050-A482-70CEDDBC1E57}.Release|Any CPU.Build.0 = Release|Any CPU
		{60147FB3-F4B9-40C0-BEA4-FDB8605196A6}.Debug|Any CPU.ActiveCfg = Debug|Any CPU
		{60147FB3-F4B9-40C0-BEA4-FDB8605196A6}.Debug|Any CPU.Build.0 = Debug|Any CPU
		{60147FB3-F4B9-40C0-BEA4-FDB8605196A6}.Release|Any CPU.ActiveCfg = Release|Any CPU
		{60147FB3-F4B9-40C0-BEA4-FDB8605196A6}.Release|Any CPU.Build.0 = Release|Any CPU
		{C41F7571-4C9A-4209-A14F-D9C6962FE9CF}.Debug|Any CPU.ActiveCfg = Debug|Any CPU
		{C41F7571-4C9A-4209-A14F-D9C6962FE9CF}.Debug|Any CPU.Build.0 = Debug|Any CPU
		{C41F7571-4C9A-4209-A14F-D9C6962FE9CF}.Release|Any CPU.ActiveCfg = Release|Any CPU
		{C41F7571-4C9A-4209-A14F-D9C6962FE9CF}.Release|Any CPU.Build.0 = Release|Any CPU
		{43024989-E7AE-45A0-82DF-83F68466AC72}.Debug|Any CPU.ActiveCfg = Debug|Any CPU
		{43024989-E7AE-45A0-82DF-83F68466AC72}.Debug|Any CPU.Build.0 = Debug|Any CPU
		{43024989-E7AE-45A0-82DF-83F68466AC72}.Release|Any CPU.ActiveCfg = Release|Any CPU
		{43024989-E7AE-45A0-82DF-83F68466AC72}.Release|Any CPU.Build.0 = Release|Any CPU
		{5590AB88-F935-4222-86DD-97868279215D}.Debug|Any CPU.ActiveCfg = Debug|Any CPU
		{5590AB88-F935-4222-86DD-97868279215D}.Debug|Any CPU.Build.0 = Debug|Any CPU
		{5590AB88-F935-4222-86DD-97868279215D}.Release|Any CPU.ActiveCfg = Release|Any CPU
		{5590AB88-F935-4222-86DD-97868279215D}.Release|Any CPU.Build.0 = Release|Any CPU
		{D27BA73F-FF65-4891-87FA-5BACA92C9860}.Debug|Any CPU.ActiveCfg = Debug|Any CPU
		{D27BA73F-FF65-4891-87FA-5BACA92C9860}.Debug|Any CPU.Build.0 = Debug|Any CPU
		{D27BA73F-FF65-4891-87FA-5BACA92C9860}.Release|Any CPU.ActiveCfg = Release|Any CPU
		{D27BA73F-FF65-4891-87FA-5BACA92C9860}.Release|Any CPU.Build.0 = Release|Any CPU
		{F9C6DBC2-A5E7-45FA-A11F-E44024E12C66}.Debug|Any CPU.ActiveCfg = Debug|Any CPU
		{F9C6DBC2-A5E7-45FA-A11F-E44024E12C66}.Debug|Any CPU.Build.0 = Debug|Any CPU
		{F9C6DBC2-A5E7-45FA-A11F-E44024E12C66}.Release|Any CPU.ActiveCfg = Release|Any CPU
		{F9C6DBC2-A5E7-45FA-A11F-E44024E12C66}.Release|Any CPU.Build.0 = Release|Any CPU
		{65EB43EE-523B-45A4-AEBC-DEBFDA8FB500}.Debug|Any CPU.ActiveCfg = Debug|Any CPU
		{65EB43EE-523B-45A4-AEBC-DEBFDA8FB500}.Debug|Any CPU.Build.0 = Debug|Any CPU
		{65EB43EE-523B-45A4-AEBC-DEBFDA8FB500}.Release|Any CPU.ActiveCfg = Release|Any CPU
		{65EB43EE-523B-45A4-AEBC-DEBFDA8FB500}.Release|Any CPU.Build.0 = Release|Any CPU
		{B958F814-D2B5-44D7-AB2A-375BCCC78E34}.Debug|Any CPU.ActiveCfg = Debug|Any CPU
		{B958F814-D2B5-44D7-AB2A-375BCCC78E34}.Debug|Any CPU.Build.0 = Debug|Any CPU
		{B958F814-D2B5-44D7-AB2A-375BCCC78E34}.Release|Any CPU.ActiveCfg = Release|Any CPU
		{B958F814-D2B5-44D7-AB2A-375BCCC78E34}.Release|Any CPU.Build.0 = Release|Any CPU
		{83937D11-85A9-4190-BB2E-88FDA5C1BD62}.Debug|Any CPU.ActiveCfg = Debug|Any CPU
		{83937D11-85A9-4190-BB2E-88FDA5C1BD62}.Debug|Any CPU.Build.0 = Debug|Any CPU
		{83937D11-85A9-4190-BB2E-88FDA5C1BD62}.Release|Any CPU.ActiveCfg = Release|Any CPU
		{83937D11-85A9-4190-BB2E-88FDA5C1BD62}.Release|Any CPU.Build.0 = Release|Any CPU
		{7771B7D7-951F-4B1D-A278-49D9ADC5F835}.Debug|Any CPU.ActiveCfg = Debug|Any CPU
		{7771B7D7-951F-4B1D-A278-49D9ADC5F835}.Debug|Any CPU.Build.0 = Debug|Any CPU
		{7771B7D7-951F-4B1D-A278-49D9ADC5F835}.Release|Any CPU.ActiveCfg = Release|Any CPU
		{7771B7D7-951F-4B1D-A278-49D9ADC5F835}.Release|Any CPU.Build.0 = Release|Any CPU
		{3990DBCC-B749-4E41-92C6-C67B8A0D317D}.Debug|Any CPU.ActiveCfg = Debug|Any CPU
		{3990DBCC-B749-4E41-92C6-C67B8A0D317D}.Debug|Any CPU.Build.0 = Debug|Any CPU
		{3990DBCC-B749-4E41-92C6-C67B8A0D317D}.Release|Any CPU.ActiveCfg = Release|Any CPU
		{3990DBCC-B749-4E41-92C6-C67B8A0D317D}.Release|Any CPU.Build.0 = Release|Any CPU
		{B671A23E-FB58-41C4-8551-8F330276A04D}.Debug|Any CPU.ActiveCfg = Debug|Any CPU
		{B671A23E-FB58-41C4-8551-8F330276A04D}.Debug|Any CPU.Build.0 = Debug|Any CPU
		{B671A23E-FB58-41C4-8551-8F330276A04D}.Release|Any CPU.ActiveCfg = Release|Any CPU
		{B671A23E-FB58-41C4-8551-8F330276A04D}.Release|Any CPU.Build.0 = Release|Any CPU
		{5C412B1E-5D97-4AE2-985F-E30ABC89160E}.Debug|Any CPU.ActiveCfg = Debug|Any CPU
		{5C412B1E-5D97-4AE2-985F-E30ABC89160E}.Debug|Any CPU.Build.0 = Debug|Any CPU
		{5C412B1E-5D97-4AE2-985F-E30ABC89160E}.Release|Any CPU.ActiveCfg = Release|Any CPU
		{5C412B1E-5D97-4AE2-985F-E30ABC89160E}.Release|Any CPU.Build.0 = Release|Any CPU
		{EBF7798A-B593-401B-95BA-B8E532B406CB}.Debug|Any CPU.ActiveCfg = Debug|Any CPU
		{EBF7798A-B593-401B-95BA-B8E532B406CB}.Debug|Any CPU.Build.0 = Debug|Any CPU
		{EBF7798A-B593-401B-95BA-B8E532B406CB}.Release|Any CPU.ActiveCfg = Release|Any CPU
		{EBF7798A-B593-401B-95BA-B8E532B406CB}.Release|Any CPU.Build.0 = Release|Any CPU
		{DD3A8279-14FE-4B81-A656-14EF77ABDA9D}.Debug|Any CPU.ActiveCfg = Debug|Any CPU
		{DD3A8279-14FE-4B81-A656-14EF77ABDA9D}.Debug|Any CPU.Build.0 = Debug|Any CPU
		{DD3A8279-14FE-4B81-A656-14EF77ABDA9D}.Release|Any CPU.ActiveCfg = Release|Any CPU
		{DD3A8279-14FE-4B81-A656-14EF77ABDA9D}.Release|Any CPU.Build.0 = Release|Any CPU
		{F7C848B3-E38B-489F-90D2-9FD7AD66E46A}.Debug|Any CPU.ActiveCfg = Debug|Any CPU
		{F7C848B3-E38B-489F-90D2-9FD7AD66E46A}.Debug|Any CPU.Build.0 = Debug|Any CPU
		{F7C848B3-E38B-489F-90D2-9FD7AD66E46A}.Release|Any CPU.ActiveCfg = Release|Any CPU
		{F7C848B3-E38B-489F-90D2-9FD7AD66E46A}.Release|Any CPU.Build.0 = Release|Any CPU
		{D8AB92F0-C2B5-41D9-A790-19CE5F87A324}.Debug|Any CPU.ActiveCfg = Debug|Any CPU
		{D8AB92F0-C2B5-41D9-A790-19CE5F87A324}.Debug|Any CPU.Build.0 = Debug|Any CPU
		{D8AB92F0-C2B5-41D9-A790-19CE5F87A324}.Release|Any CPU.ActiveCfg = Release|Any CPU
		{D8AB92F0-C2B5-41D9-A790-19CE5F87A324}.Release|Any CPU.Build.0 = Release|Any CPU
	EndGlobalSection
	GlobalSection(SolutionProperties) = preSolution
		HideSolutionNode = FALSE
	EndGlobalSection
	GlobalSection(NestedProjects) = preSolution
		{60147FB3-F4B9-40C0-BEA4-FDB8605196A6} = {4CB108A7-7E1B-4B1E-BC2B-E36C2AA9A140}
		{C41F7571-4C9A-4209-A14F-D9C6962FE9CF} = {0B1A160F-B632-44C3-8268-29BC99BAD8D4}
		{43024989-E7AE-45A0-82DF-83F68466AC72} = {74B8CF15-41A6-40BF-91BA-E4B543CD3502}
		{5590AB88-F935-4222-86DD-97868279215D} = {EFE118D8-B239-4B41-992B-80EDF80C7947}
		{D27BA73F-FF65-4891-87FA-5BACA92C9860} = {EFE118D8-B239-4B41-992B-80EDF80C7947}
		{F9C6DBC2-A5E7-45FA-A11F-E44024E12C66} = {53F46FCB-3A54-4657-99E1-B95B811C4F88}
		{65EB43EE-523B-45A4-AEBC-DEBFDA8FB500} = {53F46FCB-3A54-4657-99E1-B95B811C4F88}
		{B958F814-D2B5-44D7-AB2A-375BCCC78E34} = {53F46FCB-3A54-4657-99E1-B95B811C4F88}
		{83937D11-85A9-4190-BB2E-88FDA5C1BD62} = {53F46FCB-3A54-4657-99E1-B95B811C4F88}
		{EFE118D8-B239-4B41-992B-80EDF80C7947} = {53F46FCB-3A54-4657-99E1-B95B811C4F88}
		{7771B7D7-951F-4B1D-A278-49D9ADC5F835} = {EFE118D8-B239-4B41-992B-80EDF80C7947}
		{3990DBCC-B749-4E41-92C6-C67B8A0D317D} = {EFE118D8-B239-4B41-992B-80EDF80C7947}
		{B671A23E-FB58-41C4-8551-8F330276A04D} = {EFE118D8-B239-4B41-992B-80EDF80C7947}
		{74B8CF15-41A6-40BF-91BA-E4B543CD3502} = {53F46FCB-3A54-4657-99E1-B95B811C4F88}
		{5C412B1E-5D97-4AE2-985F-E30ABC89160E} = {74B8CF15-41A6-40BF-91BA-E4B543CD3502}
		{EBF7798A-B593-401B-95BA-B8E532B406CB} = {74B8CF15-41A6-40BF-91BA-E4B543CD3502}
		{DD3A8279-14FE-4B81-A656-14EF77ABDA9D} = {74B8CF15-41A6-40BF-91BA-E4B543CD3502}
		{F7C848B3-E38B-489F-90D2-9FD7AD66E46A} = {0B1A160F-B632-44C3-8268-29BC99BAD8D4}
	EndGlobalSection
	GlobalSection(ExtensibilityGlobals) = postSolution
		SolutionGuid = {17D3F3CD-70E0-47FF-8377-76EA67C8F985}
	EndGlobalSection
EndGlobal
